{
  "name": "unity-n-workflow",
  "version": "0.0.1",
  "lockfileVersion": 1,
  "requires": true,
  "dependencies": {
    "unity-n-promises": {
      "version": "github:shadowmint/unity-n-promises#2dd52987f9fd3c3fee04ae11aa69c0d1eb428a89",
      "from": "github:shadowmint/unity-n-promises"
    }
  }
}
